
Microsoft Visual Studio Solution File, Format Version 11.00
# Visual Studio 2010
Project("{FAE04EC0-301F-11D3-BF4B-00C04F79EFBC}") = "WpfEffectingPanelLibrary", "WpfEffectingPanelLibrary\WpfEffectingPanelLibrary.csproj", "{670A4279-D9CE-4128-A0A7-EE8D819C5D03}"
EndProject
Project("{FAE04EC0-301F-11D3-BF4B-00C04F79EFBC}") = "HostApplication", "HostApplication\HostApplication.csproj", "{0BED16BC-2FF9-427C-BA61-98C0F13F3DE5}"
EndProject
Global
	GlobalSection(SolutionConfigurationPlatforms) = preSolution
		Debug|Any CPU = Debug|Any CPU
		Debug|Mixed Platforms = Debug|Mixed Platforms
		Debug|x86 = Debug|x86
		Release|Any CPU = Release|Any CPU
		Release|Mixed Platforms = Release|Mixed Platforms
		Release|x86 = Release|x86
	EndGlobalSection
	GlobalSection(ProjectConfigurationPlatforms) = postSolution
		{670A4279-D9CE-4128-A0A7-EE8D819C5D03}.Debug|Any CPU.ActiveCfg = Debug|Any CPU
		{670A4279-D9CE-4128-A0A7-EE8D819C5D03}.Debug|Any CPU.Build.0 = Debug|Any CPU
		{670A4279-D9CE-4128-A0A7-EE8D819C5D03}.Debug|Mixed Platforms.ActiveCfg = Debug|Any CPU
		{670A4279-D9CE-4128-A0A7-EE8D819C5D03}.Debug|Mixed Platforms.Build.0 = Debug|Any CPU
		{670A4279-D9CE-4128-A0A7-EE8D819C5D03}.Debug|x86.ActiveCfg = Debug|Any CPU
		{670A4279-D9CE-4128-A0A7-EE8D819C5D03}.Release|Any CPU.ActiveCfg = Release|Any CPU
		{670A4279-D9CE-4128-A0A7-EE8D819C5D03}.Release|Any CPU.Build.0 = Release|Any CPU
		{670A4279-D9CE-4128-A0A7-EE8D819C5D03}.Release|Mixed Platforms.ActiveCfg = Release|Any CPU
		{670A4279-D9CE-4128-A0A7-EE8D819C5D03}.Release|Mixed Platforms.Build.0 = Release|Any CPU
		{670A4279-D9CE-4128-A0A7-EE8D819C5D03}.Release|x86.ActiveCfg = Release|Any CPU
		{0BED16BC-2FF9-427C-BA61-98C0F13F3DE5}.Debug|Any CPU.ActiveCfg = Debug|x86
		{0BED16BC-2FF9-427C-BA61-98C0F13F3DE5}.Debug|Mixed Platforms.ActiveCfg = Debug|x86
		{0BED16BC-2FF9-427C-BA61-98C0F13F3DE5}.Debug|Mixed Platforms.Build.0 = Debug|x86
		{0BED16BC-2FF9-427C-BA61-98C0F13F3DE5}.Debug|x86.ActiveCfg = Debug|x86
		{0BED16BC-2FF9-427C-BA61-98C0F13F3DE5}.Debug|x86.Build.0 = Debug|x86
		{0BED16BC-2FF9-427C-BA61-98C0F13F3DE5}.Release|Any CPU.ActiveCfg = Release|x86
		{0BED16BC-2FF9-427C-BA61-98C0F13F3DE5}.Release|Mixed Platforms.ActiveCfg = Release|x86
		{0BED16BC-2FF9-427C-BA61-98C0F13F3DE5}.Release|Mixed Platforms.Build.0 = Release|x86
		{0BED16BC-2FF9-427C-BA61-98C0F13F3DE5}.Release|x86.ActiveCfg = Release|x86
		{0BED16BC-2FF9-427C-BA61-98C0F13F3DE5}.Release|x86.Build.0 = Release|x86
	EndGlobalSection
	GlobalSection(SolutionProperties) = preSolution
		HideSolutionNode = FALSE
	EndGlobalSection
EndGlobal
